
Microsoft Visual Studio Solution File, Format Version 12.00
# Visual Studio Version 16
VisualStudioVersion = 16.0.32630.194
MinimumVisualStudioVersion = 10.0.40219.1
Project("{FAE04EC0-301F-11D3-BF4B-00C04F79EFBC}") = "SAGA", "SAGA.csproj", "{DD1F3BF6-32A3-48FA-AB2B-2BD8E58A4283}"
EndProject
Global
	GlobalSection(SolutionConfigurationPlatforms) = preSolution
		Debug|Any CPU = Debug|Any CPU
		Release|Any CPU = Release|Any CPU
	EndGlobalSection
	GlobalSection(ProjectConfigurationPlatforms) = postSolution
		{DD1F3BF6-32A3-48FA-AB2B-2BD8E58A4283}.Debug|Any CPU.ActiveCfg = Debug|Any CPU
		{DD1F3BF6-32A3-48FA-AB2B-2BD8E58A4283}.Debug|Any CPU.Build.0 = Debug|Any CPU
		{DD1F3BF6-32A3-48FA-AB2B-2BD8E58A4283}.Release|Any CPU.ActiveCfg = Release|Any CPU
		{DD1F3BF6-32A3-48FA-AB2B-2BD8E58A4283}.Release|Any CPU.Build.0 = Release|Any CPU
	EndGlobalSection
	GlobalSection(SolutionProperties) = preSolution
		HideSolutionNode = FALSE
	EndGlobalSection
	GlobalSection(ExtensibilityGlobals) = postSolution
		SolutionGuid = {CF3E9163-1F7C-459B-B532-44417367B6B3}
	EndGlobalSection
EndGlobal
